{
  "name": "banorte-notifications-zapier",
  "version": "1.0.0",
  "lockfileVersion": 1,
  "requires": true,
  "dependencies": {
    "rambda": {
      "version": "1.2.6",
      "resolved": "https://registry.npmjs.org/rambda/-/rambda-1.2.6.tgz",
      "integrity": "sha512-3tjeDuSMKAf8t099BejrmLgXdexAh63AsU2c2ZTcN5y/gt5njw03Wsfb+Ti9b08ZWLLDN5r0EvKynfYM91PB6g=="
    }
  }
}
